
Microsoft Visual Studio Solution File, Format Version 12.00
# Visual Studio Version 16
VisualStudioVersion = 16.0.31112.23
MinimumVisualStudioVersion = 10.0.40219.1
Project("{FAE04EC0-301F-11D3-BF4B-00C04F79EFBC}") = "Localiza.Frotas.Api", "Localiza.Frotas\Localiza.Frotas.Api.csproj", "{A925DBAC-CF37-42D3-97A6-510158F5A49B}"
EndProject
Project("{FAE04EC0-301F-11D3-BF4B-00C04F79EFBC}") = "Localiza.Frotas.Domain", "Localiza.Frotas.Domain\Localiza.Frotas.Domain.csproj", "{B1100832-065E-4B22-91E0-76DF13672312}"
EndProject
Project("{FAE04EC0-301F-11D3-BF4B-00C04F79EFBC}") = "Localiza.Frotas.Infra", "Localiza.Frotas.Infra\Localiza.Frotas.Infra.csproj", "{120A8D8D-A808-4F0A-BD27-68B5C0A7ADE1}"
EndProject
Global
	GlobalSection(SolutionConfigurationPlatforms) = preSolution
		Debug|Any CPU = Debug|Any CPU
		Release|Any CPU = Release|Any CPU
	EndGlobalSection
	GlobalSection(ProjectConfigurationPlatforms) = postSolution
		{A925DBAC-CF37-42D3-97A6-510158F5A49B}.Debug|Any CPU.ActiveCfg = Debug|Any CPU
		{A925DBAC-CF37-42D3-97A6-510158F5A49B}.Debug|Any CPU.Build.0 = Debug|Any CPU
		{A925DBAC-CF37-42D3-97A6-510158F5A49B}.Release|Any CPU.ActiveCfg = Release|Any CPU
		{A925DBAC-CF37-42D3-97A6-510158F5A49B}.Release|Any CPU.Build.0 = Release|Any CPU
		{B1100832-065E-4B22-91E0-76DF13672312}.Debug|Any CPU.ActiveCfg = Debug|Any CPU
		{B1100832-065E-4B22-91E0-76DF13672312}.Debug|Any CPU.Build.0 = Debug|Any CPU
		{B1100832-065E-4B22-91E0-76DF13672312}.Release|Any CPU.ActiveCfg = Release|Any CPU
		{B1100832-065E-4B22-91E0-76DF13672312}.Release|Any CPU.Build.0 = Release|Any CPU
		{120A8D8D-A808-4F0A-BD27-68B5C0A7ADE1}.Debug|Any CPU.ActiveCfg = Debug|Any CPU
		{120A8D8D-A808-4F0A-BD27-68B5C0A7ADE1}.Debug|Any CPU.Build.0 = Debug|Any CPU
		{120A8D8D-A808-4F0A-BD27-68B5C0A7ADE1}.Release|Any CPU.ActiveCfg = Release|Any CPU
		{120A8D8D-A808-4F0A-BD27-68B5C0A7ADE1}.Release|Any CPU.Build.0 = Release|Any CPU
	EndGlobalSection
	GlobalSection(SolutionProperties) = preSolution
		HideSolutionNode = FALSE
	EndGlobalSection
	GlobalSection(ExtensibilityGlobals) = postSolution
		SolutionGuid = {90C47884-8F39-492E-9846-3A3EA26550BB}
	EndGlobalSection
EndGlobal
